
Microsoft Visual Studio Solution File, Format Version 12.00
# Visual Studio Version 17
VisualStudioVersion = 17.10.35013.160
MinimumVisualStudioVersion = 10.0.40219.1
Project("{FAE04EC0-301F-11D3-BF4B-00C04F79EFBC}") = "Server", "Server.csproj", "{CA386212-F50D-4825-9855-71D153AA1ADB}"
EndProject
Project("{FAE04EC0-301F-11D3-BF4B-00C04F79EFBC}") = "Clients", "..\Clients\Clients.csproj", "{1AA2C863-48D6-4E79-8F6B-10155C8C4A30}"
EndProject
Global
	GlobalSection(SolutionConfigurationPlatforms) = preSolution
		Debug|Any CPU = Debug|Any CPU
		Release|Any CPU = Release|Any CPU
	EndGlobalSection
	GlobalSection(ProjectConfigurationPlatforms) = postSolution
		{CA386212-F50D-4825-9855-71D153AA1ADB}.Debug|Any CPU.ActiveCfg = Debug|Any CPU
		{CA386212-F50D-4825-9855-71D153AA1ADB}.Debug|Any CPU.Build.0 = Debug|Any CPU
		{CA386212-F50D-4825-9855-71D153AA1ADB}.Release|Any CPU.ActiveCfg = Release|Any CPU
		{CA386212-F50D-4825-9855-71D153AA1ADB}.Release|Any CPU.Build.0 = Release|Any CPU
		{1AA2C863-48D6-4E79-8F6B-10155C8C4A30}.Debug|Any CPU.ActiveCfg = Debug|Any CPU
		{1AA2C863-48D6-4E79-8F6B-10155C8C4A30}.Debug|Any CPU.Build.0 = Debug|Any CPU
		{1AA2C863-48D6-4E79-8F6B-10155C8C4A30}.Release|Any CPU.ActiveCfg = Release|Any CPU
		{1AA2C863-48D6-4E79-8F6B-10155C8C4A30}.Release|Any CPU.Build.0 = Release|Any CPU
	EndGlobalSection
	GlobalSection(SolutionProperties) = preSolution
		HideSolutionNode = FALSE
	EndGlobalSection
	GlobalSection(ExtensibilityGlobals) = postSolution
		SolutionGuid = {B4E8B93E-B7AD-4AF4-AA02-8229D0C67FC3}
	EndGlobalSection
EndGlobal
